
Microsoft Visual Studio Solution File, Format Version 12.00
# Visual Studio Version 16
VisualStudioVersion = 16.0.29418.71
MinimumVisualStudioVersion = 10.0.40219.1
Project("{9A19103F-16F7-4668-BE54-9A1E7A4F7556}") = "ParserApi", "ParserApi\ParserApi.csproj", "{0386F1BB-C75D-4AA8-AFCA-D9A3FE11AEFA}"
EndProject
Global
	GlobalSection(SolutionConfigurationPlatforms) = preSolution
		Debug|Any CPU = Debug|Any CPU
		Release|Any CPU = Release|Any CPU
	EndGlobalSection
	GlobalSection(ProjectConfigurationPlatforms) = postSolution
		{0386F1BB-C75D-4AA8-AFCA-D9A3FE11AEFA}.Debug|Any CPU.ActiveCfg = Debug|Any CPU
		{0386F1BB-C75D-4AA8-AFCA-D9A3FE11AEFA}.Debug|Any CPU.Build.0 = Debug|Any CPU
		{0386F1BB-C75D-4AA8-AFCA-D9A3FE11AEFA}.Release|Any CPU.ActiveCfg = Release|Any CPU
		{0386F1BB-C75D-4AA8-AFCA-D9A3FE11AEFA}.Release|Any CPU.Build.0 = Release|Any CPU
	EndGlobalSection
	GlobalSection(SolutionProperties) = preSolution
		HideSolutionNode = FALSE
	EndGlobalSection
	GlobalSection(ExtensibilityGlobals) = postSolution
		SolutionGuid = {C7BB679F-C10A-4C75-A2F6-3B94B52F93C5}
	EndGlobalSection
EndGlobal
